
Microsoft Visual Studio Solution File, Format Version 12.00
# Visual Studio Version 17
VisualStudioVersion = 17.4.33403.182
MinimumVisualStudioVersion = 10.0.40219.1
Project("{FAE04EC0-301F-11D3-BF4B-00C04F79EFBC}") = "17.02.2023 lab", "17.02.2023 lab\17.02.2023 lab.csproj", "{8DF608DE-C3BF-41B2-80CD-BF051FCB59BF}"
EndProject
Global
	GlobalSection(SolutionConfigurationPlatforms) = preSolution
		Debug|Any CPU = Debug|Any CPU
		Release|Any CPU = Release|Any CPU
	EndGlobalSection
	GlobalSection(ProjectConfigurationPlatforms) = postSolution
		{8DF608DE-C3BF-41B2-80CD-BF051FCB59BF}.Debug|Any CPU.ActiveCfg = Debug|Any CPU
		{8DF608DE-C3BF-41B2-80CD-BF051FCB59BF}.Debug|Any CPU.Build.0 = Debug|Any CPU
		{8DF608DE-C3BF-41B2-80CD-BF051FCB59BF}.Release|Any CPU.ActiveCfg = Release|Any CPU
		{8DF608DE-C3BF-41B2-80CD-BF051FCB59BF}.Release|Any CPU.Build.0 = Release|Any CPU
	EndGlobalSection
	GlobalSection(SolutionProperties) = preSolution
		HideSolutionNode = FALSE
	EndGlobalSection
	GlobalSection(ExtensibilityGlobals) = postSolution
		SolutionGuid = {E683469F-CEA4-4BE4-BE66-9751CB8C602C}
	EndGlobalSection
EndGlobal
